
Microsoft Visual Studio Solution File, Format Version 12.00
# Visual Studio Version 17
VisualStudioVersion = 17.13.35919.96 d17.13
MinimumVisualStudioVersion = 10.0.40219.1
Project("{FAE04EC0-301F-11D3-BF4B-00C04F79EFBC}") = "DBSproject", "DBSproject\DBSproject.csproj", "{D3FB5D76-D136-4269-810F-68CB66FBF299}"
EndProject
Global
	GlobalSection(SolutionConfigurationPlatforms) = preSolution
		Debug|Any CPU = Debug|Any CPU
		Release|Any CPU = Release|Any CPU
	EndGlobalSection
	GlobalSection(ProjectConfigurationPlatforms) = postSolution
		{D3FB5D76-D136-4269-810F-68CB66FBF299}.Debug|Any CPU.ActiveCfg = Debug|Any CPU
		{D3FB5D76-D136-4269-810F-68CB66FBF299}.Debug|Any CPU.Build.0 = Debug|Any CPU
		{D3FB5D76-D136-4269-810F-68CB66FBF299}.Release|Any CPU.ActiveCfg = Release|Any CPU
		{D3FB5D76-D136-4269-810F-68CB66FBF299}.Release|Any CPU.Build.0 = Release|Any CPU
	EndGlobalSection
	GlobalSection(SolutionProperties) = preSolution
		HideSolutionNode = FALSE
	EndGlobalSection
	GlobalSection(ExtensibilityGlobals) = postSolution
		SolutionGuid = {F038449F-FA5A-4C87-B3FB-C37B288FC36C}
	EndGlobalSection
EndGlobal
